
Microsoft Visual Studio Solution File, Format Version 12.00
# Visual Studio Version 17
VisualStudioVersion = 17.12.35527.113
MinimumVisualStudioVersion = 10.0.40219.1
Project("{2150E333-8FDC-42A3-9474-1A3956D46DE8}") = "Task0", "Task0", "{A773FC13-D859-460B-A4AA-6DC3E65CDDD8}"
EndProject
Project("{FAE04EC0-301F-11D3-BF4B-00C04F79EFBC}") = "Tyuiu.Barabash.Sprint0.Task0.V0", "Tyuiu.Barabash.Sprint0.Task0.V0\Tyuiu.Barabash.Sprint0.Task0.V0.csproj", "{A00342EB-84CD-4E2E-9980-0E908A373885}"
EndProject
Project("{2150E333-8FDC-42A3-9474-1A3956D46DE8}") = "Task1", "Task1", "{9B34E5F1-BA17-4CB3-AE69-1FB4DAE3AA6C}"
EndProject
Project("{FAE04EC0-301F-11D3-BF4B-00C04F79EFBC}") = "Tyuiu.BarabashMI.Sprint0.Task1.V0", "Tyuiu.BarabashMI.Sprint0.Task1.V0\Tyuiu.BarabashMI.Sprint0.Task1.V0.csproj", "{B38554B2-08D4-4D8B-BF47-AFE08AF55103}"
EndProject
Project("{2150E333-8FDC-42A3-9474-1A3956D46DE8}") = "Task2", "Task2", "{37F6652E-85B7-4D70-B3A8-302EEDC79954}"
EndProject
Project("{FAE04EC0-301F-11D3-BF4B-00C04F79EFBC}") = "Tyuiu.BarabashMI.Sprint0.Task2.V0", "Tyuiu.BarabashMI.Sprint0.Task2.V0\Tyuiu.BarabashMI.Sprint0.Task2.V0.csproj", "{3B19EF52-1B45-4263-B751-8111EA76FEBB}"
EndProject
Project("{FAE04EC0-301F-11D3-BF4B-00C04F79EFBC}") = "Tyuiu.BarabashMI.Sprint0.Task2.V0.Lib", "Tyuiu.BarabashMI.Sprint0.Task2.V0.Lib\Tyuiu.BarabashMI.Sprint0.Task2.V0.Lib.csproj", "{2AA9E4CA-DBF3-43B9-85B7-45AE5AE664E8}"
EndProject
Project("{FAE04EC0-301F-11D3-BF4B-00C04F79EFBC}") = "Tyuiu.BarabashMI.Sprint0.Task2.V0.Test", "Tyuiu.BarabashMI.Sprint0.Task2.V0.Test\Tyuiu.BarabashMI.Sprint0.Task2.V0.Test.csproj", "{8D270DC7-12B2-4BC2-A4E1-4462F9827E2E}"
EndProject
Project("{2150E333-8FDC-42A3-9474-1A3956D46DE8}") = "Task3", "Task3", "{8C7C9F02-8915-4248-8102-925B006B637E}"
EndProject
Project("{FAE04EC0-301F-11D3-BF4B-00C04F79EFBC}") = "Tyuiu.BarabashMI.Sprint0.Task3.V0", "Tyuiu.BarabashMI.Sprint0.Task3.V0\Tyuiu.BarabashMI.Sprint0.Task3.V0.csproj", "{772D63CE-8A65-4F20-9F2A-0215708AFEB9}"
EndProject
Project("{FAE04EC0-301F-11D3-BF4B-00C04F79EFBC}") = "Tyuiu.BarabashMI.Sprint0.Task3.V0.Lib", "Tyuiu.BarabashMI.Sprint0.Task3.V0.Lib\Tyuiu.BarabashMI.Sprint0.Task3.V0.Lib.csproj", "{05522209-6D1C-473A-BC44-5342DEF50045}"
EndProject
Project("{FAE04EC0-301F-11D3-BF4B-00C04F79EFBC}") = "Tyuiu.BarabashMI.Sprint0.Task3.V0.Test", "Tyuiu.BarabashMI.Sprint0.Task3.V0.Test\Tyuiu.BarabashMI.Sprint0.Task3.V0.Test.csproj", "{5BCEB191-E225-4181-B8BE-5240D7135FE3}"
EndProject
Project("{2150E333-8FDC-42A3-9474-1A3956D46DE8}") = "Task4", "Task4", "{6005832D-D50F-4FCE-B58D-15DF543F0942}"
EndProject
Project("{FAE04EC0-301F-11D3-BF4B-00C04F79EFBC}") = "Tyuiu.BarabashMI.Sprint0.Task4.V0", "Tyuiu.BarabashMI.Sprint0.Task4.V0\Tyuiu.BarabashMI.Sprint0.Task4.V0.csproj", "{00CC9F96-698B-4FA2-827E-7CD63121BC9A}"
EndProject
Project("{FAE04EC0-301F-11D3-BF4B-00C04F79EFBC}") = "Tyuiu.BarabashMI.Sprint0.Task4.V0.Lib", "Tyuiu.BarabashMI.Sprint0.Task4.V0.Lib\Tyuiu.BarabashMI.Sprint0.Task4.V0.Lib.csproj", "{055F983B-5883-4042-8ADE-93158990B9E6}"
EndProject
Project("{FAE04EC0-301F-11D3-BF4B-00C04F79EFBC}") = "Tyuiu.BarabashMI.Sprint0.Task4.V0.Test", "Tyuiu.BarabashMI.Sprint0.Task4.V0.Test\Tyuiu.BarabashMI.Sprint0.Task4.V0.Test.csproj", "{617315E7-C879-4123-AA56-EAE59CC3D1A7}"
EndProject
Project("{2150E333-8FDC-42A3-9474-1A3956D46DE8}") = "Task5", "Task5", "{0B89197D-F1D0-4FAA-9A63-280AE853861F}"
EndProject
Project("{FAE04EC0-301F-11D3-BF4B-00C04F79EFBC}") = "Tyuiu.BarabashMI.Sprint0.Task5.V0", "Tyuiu.BarabashMI.Sprint0.Task5.V0\Tyuiu.BarabashMI.Sprint0.Task5.V0.csproj", "{4F7BCBEF-9123-4196-A0E2-BED39987DD9C}"
EndProject
Project("{FAE04EC0-301F-11D3-BF4B-00C04F79EFBC}") = "Tyuiu.BarabashMI.Sprint0.Task5.V0.Lib", "Tyuiu.BarabashMI.Sprint0.Task5.V0.Lib\Tyuiu.BarabashMI.Sprint0.Task5.V0.Lib.csproj", "{BD4C6B0F-6B1C-44C9-A312-B5376C28A949}"
EndProject
Project("{FAE04EC0-301F-11D3-BF4B-00C04F79EFBC}") = "Tyuiu.BarabashMI.Sprint0.Task5.V0.Test", "Tyuiu.BarabashMI.Sprint0.Task5.V0.Test\Tyuiu.BarabashMI.Sprint0.Task5.V0.Test.csproj", "{E41C8D90-E8CE-4D59-83AC-6C20B666D382}"
EndProject
Project("{2150E333-8FDC-42A3-9474-1A3956D46DE8}") = "Task6", "Task6", "{31D7178D-BE1A-4F85-8E67-BB66C572C3AA}"
EndProject
Project("{FAE04EC0-301F-11D3-BF4B-00C04F79EFBC}") = "Tyuiu.BarabashMI.Sprint0.Task6.V0", "Tyuiu.BarabashMI.Sprint0.Task6.V0\Tyuiu.BarabashMI.Sprint0.Task6.V0.csproj", "{8E0AE8B2-98CA-4F59-B313-F1F2271D9920}"
EndProject
Project("{FAE04EC0-301F-11D3-BF4B-00C04F79EFBC}") = "Tyuiu.BarabashMI.Sprint0.Task6.V0.Lib", "Tyuiu.BarabashMI.Sprint0.Task6.V0.Lib\Tyuiu.BarabashMI.Sprint0.Task6.V0.Lib.csproj", "{32D48807-A9B9-4B25-9E96-FB65546F666D}"
EndProject
Project("{FAE04EC0-301F-11D3-BF4B-00C04F79EFBC}") = "Tyuiu.BarabashMI.Sprint0.Task6.V0.Test", "Tyuiu.BarabashMI.Sprint0.Task6.V0.Test\Tyuiu.BarabashMI.Sprint0.Task6.V0.Test.csproj", "{043B06FC-2AC3-4188-B36E-24E150C1DF10}"
EndProject
Project("{2150E333-8FDC-42A3-9474-1A3956D46DE8}") = "Task7", "Task7", "{958B88E9-87FE-4927-976D-E8380C0B4BDE}"
EndProject
Project("{FAE04EC0-301F-11D3-BF4B-00C04F79EFBC}") = "Tyuiu.BarabashMI.Sprint0.Task7.V0", "Tyuiu.BarabashMI.Sprint0.Task7.V0\Tyuiu.BarabashMI.Sprint0.Task7.V0.csproj", "{2A4FEC7F-1184-4F5A-8A3C-0C2330D4C716}"
EndProject
Project("{FAE04EC0-301F-11D3-BF4B-00C04F79EFBC}") = "Tyuiu.BarabashMI.Sprint0.Task7.V0.Lib", "Tyuiu.BarabashMI.Sprint0.Task7.V0.Lib\Tyuiu.BarabashMI.Sprint0.Task7.V0.Lib.csproj", "{2C88FD31-2302-424B-BC54-E8AE53495FCE}"
EndProject
Project("{FAE04EC0-301F-11D3-BF4B-00C04F79EFBC}") = "Tyuiu.BarabashMI.Sprint0.Task7.V0.Test", "Tyuiu.BarabashMI.Sprint0.Task7.V0.Test\Tyuiu.BarabashMI.Sprint0.Task7.V0.Test.csproj", "{1667DECD-CFC6-47DF-B54F-B429F1B3BDF1}"
EndProject
Global
	GlobalSection(SolutionConfigurationPlatforms) = preSolution
		Debug|Any CPU = Debug|Any CPU
		Release|Any CPU = Release|Any CPU
	EndGlobalSection
	GlobalSection(ProjectConfigurationPlatforms) = postSolution
		{A00342EB-84CD-4E2E-9980-0E908A373885}.Debug|Any CPU.ActiveCfg = Debug|Any CPU
		{A00342EB-84CD-4E2E-9980-0E908A373885}.Debug|Any CPU.Build.0 = Debug|Any CPU
		{A00342EB-84CD-4E2E-9980-0E908A373885}.Release|Any CPU.ActiveCfg = Release|Any CPU
		{A00342EB-84CD-4E2E-9980-0E908A373885}.Release|Any CPU.Build.0 = Release|Any CPU
		{B38554B2-08D4-4D8B-BF47-AFE08AF55103}.Debug|Any CPU.ActiveCfg = Debug|Any CPU
		{B38554B2-08D4-4D8B-BF47-AFE08AF55103}.Debug|Any CPU.Build.0 = Debug|Any CPU
		{B38554B2-08D4-4D8B-BF47-AFE08AF55103}.Release|Any CPU.ActiveCfg = Release|Any CPU
		{B38554B2-08D4-4D8B-BF47-AFE08AF55103}.Release|Any CPU.Build.0 = Release|Any CPU
		{3B19EF52-1B45-4263-B751-8111EA76FEBB}.Debug|Any CPU.ActiveCfg = Debug|Any CPU
		{3B19EF52-1B45-4263-B751-8111EA76FEBB}.Debug|Any CPU.Build.0 = Debug|Any CPU
		{3B19EF52-1B45-4263-B751-8111EA76FEBB}.Release|Any CPU.ActiveCfg = Release|Any CPU
		{3B19EF52-1B45-4263-B751-8111EA76FEBB}.Release|Any CPU.Build.0 = Release|Any CPU
		{2AA9E4CA-DBF3-43B9-85B7-45AE5AE664E8}.Debug|Any CPU.ActiveCfg = Debug|Any CPU
		{2AA9E4CA-DBF3-43B9-85B7-45AE5AE664E8}.Debug|Any CPU.Build.0 = Debug|Any CPU
		{2AA9E4CA-DBF3-43B9-85B7-45AE5AE664E8}.Release|Any CPU.ActiveCfg = Release|Any CPU
		{2AA9E4CA-DBF3-43B9-85B7-45AE5AE664E8}.Release|Any CPU.Build.0 = Release|Any CPU
		{8D270DC7-12B2-4BC2-A4E1-4462F9827E2E}.Debug|Any CPU.ActiveCfg = Debug|Any CPU
		{8D270DC7-12B2-4BC2-A4E1-4462F9827E2E}.Debug|Any CPU.Build.0 = Debug|Any CPU
		{8D270DC7-12B2-4BC2-A4E1-4462F9827E2E}.Release|Any CPU.ActiveCfg = Release|Any CPU
		{8D270DC7-12B2-4BC2-A4E1-4462F9827E2E}.Release|Any CPU.Build.0 = Release|Any CPU
		{772D63CE-8A65-4F20-9F2A-0215708AFEB9}.Debug|Any CPU.ActiveCfg = Debug|Any CPU
		{772D63CE-8A65-4F20-9F2A-0215708AFEB9}.Debug|Any CPU.Build.0 = Debug|Any CPU
		{772D63CE-8A65-4F20-9F2A-0215708AFEB9}.Release|Any CPU.ActiveCfg = Release|Any CPU
		{772D63CE-8A65-4F20-9F2A-0215708AFEB9}.Release|Any CPU.Build.0 = Release|Any CPU
		{05522209-6D1C-473A-BC44-5342DEF50045}.Debug|Any CPU.ActiveCfg = Debug|Any CPU
		{05522209-6D1C-473A-BC44-5342DEF50045}.Debug|Any CPU.Build.0 = Debug|Any CPU
		{05522209-6D1C-473A-BC44-5342DEF50045}.Release|Any CPU.ActiveCfg = Release|Any CPU
		{05522209-6D1C-473A-BC44-5342DEF50045}.Release|Any CPU.Build.0 = Release|Any CPU
		{5BCEB191-E225-4181-B8BE-5240D7135FE3}.Debug|Any CPU.ActiveCfg = Debug|Any CPU
		{5BCEB191-E225-4181-B8BE-5240D7135FE3}.Debug|Any CPU.Build.0 = Debug|Any CPU
		{5BCEB191-E225-4181-B8BE-5240D7135FE3}.Release|Any CPU.ActiveCfg = Release|Any CPU
		{5BCEB191-E225-4181-B8BE-5240D7135FE3}.Release|Any CPU.Build.0 = Release|Any CPU
		{00CC9F96-698B-4FA2-827E-7CD63121BC9A}.Debug|Any CPU.ActiveCfg = Debug|Any CPU
		{00CC9F96-698B-4FA2-827E-7CD63121BC9A}.Debug|Any CPU.Build.0 = Debug|Any CPU
		{00CC9F96-698B-4FA2-827E-7CD63121BC9A}.Release|Any CPU.ActiveCfg = Release|Any CPU
		{00CC9F96-698B-4FA2-827E-7CD63121BC9A}.Release|Any CPU.Build.0 = Release|Any CPU
		{055F983B-5883-4042-8ADE-93158990B9E6}.Debug|Any CPU.ActiveCfg = Debug|Any CPU
		{055F983B-5883-4042-8ADE-93158990B9E6}.Debug|Any CPU.Build.0 = Debug|Any CPU
		{055F983B-5883-4042-8ADE-93158990B9E6}.Release|Any CPU.ActiveCfg = Release|Any CPU
		{055F983B-5883-4042-8ADE-93158990B9E6}.Release|Any CPU.Build.0 = Release|Any CPU
		{617315E7-C879-4123-AA56-EAE59CC3D1A7}.Debug|Any CPU.ActiveCfg = Debug|Any CPU
		{617315E7-C879-4123-AA56-EAE59CC3D1A7}.Debug|Any CPU.Build.0 = Debug|Any CPU
		{617315E7-C879-4123-AA56-EAE59CC3D1A7}.Release|Any CPU.ActiveCfg = Release|Any CPU
		{617315E7-C879-4123-AA56-EAE59CC3D1A7}.Release|Any CPU.Build.0 = Release|Any CPU
		{4F7BCBEF-9123-4196-A0E2-BED39987DD9C}.Debug|Any CPU.ActiveCfg = Debug|Any CPU
		{4F7BCBEF-9123-4196-A0E2-BED39987DD9C}.Debug|Any CPU.Build.0 = Debug|Any CPU
		{4F7BCBEF-9123-4196-A0E2-BED39987DD9C}.Release|Any CPU.ActiveCfg = Release|Any CPU
		{4F7BCBEF-9123-4196-A0E2-BED39987DD9C}.Release|Any CPU.Build.0 = Release|Any CPU
		{BD4C6B0F-6B1C-44C9-A312-B5376C28A949}.Debug|Any CPU.ActiveCfg = Debug|Any CPU
		{BD4C6B0F-6B1C-44C9-A312-B5376C28A949}.Debug|Any CPU.Build.0 = Debug|Any CPU
		{BD4C6B0F-6B1C-44C9-A312-B5376C28A949}.Release|Any CPU.ActiveCfg = Release|Any CPU
		{BD4C6B0F-6B1C-44C9-A312-B5376C28A949}.Release|Any CPU.Build.0 = Release|Any CPU
		{E41C8D90-E8CE-4D59-83AC-6C20B666D382}.Debug|Any CPU.ActiveCfg = Debug|Any CPU
		{E41C8D90-E8CE-4D59-83AC-6C20B666D382}.Debug|Any CPU.Build.0 = Debug|Any CPU
		{E41C8D90-E8CE-4D59-83AC-6C20B666D382}.Release|Any CPU.ActiveCfg = Release|Any CPU
		{E41C8D90-E8CE-4D59-83AC-6C20B666D382}.Release|Any CPU.Build.0 = Release|Any CPU
		{8E0AE8B2-98CA-4F59-B313-F1F2271D9920}.Debug|Any CPU.ActiveCfg = Debug|Any CPU
		{8E0AE8B2-98CA-4F59-B313-F1F2271D9920}.Debug|Any CPU.Build.0 = Debug|Any CPU
		{8E0AE8B2-98CA-4F59-B313-F1F2271D9920}.Release|Any CPU.ActiveCfg = Release|Any CPU
		{8E0AE8B2-98CA-4F59-B313-F1F2271D9920}.Release|Any CPU.Build.0 = Release|Any CPU
		{32D48807-A9B9-4B25-9E96-FB65546F666D}.Debug|Any CPU.ActiveCfg = Debug|Any CPU
		{32D48807-A9B9-4B25-9E96-FB65546F666D}.Debug|Any CPU.Build.0 = Debug|Any CPU
		{32D48807-A9B9-4B25-9E96-FB65546F666D}.Release|Any CPU.ActiveCfg = Release|Any CPU
		{32D48807-A9B9-4B25-9E96-FB65546F666D}.Release|Any CPU.Build.0 = Release|Any CPU
		{043B06FC-2AC3-4188-B36E-24E150C1DF10}.Debug|Any CPU.ActiveCfg = Debug|Any CPU
		{043B06FC-2AC3-4188-B36E-24E150C1DF10}.Debug|Any CPU.Build.0 = Debug|Any CPU
		{043B06FC-2AC3-4188-B36E-24E150C1DF10}.Release|Any CPU.ActiveCfg = Release|Any CPU
		{043B06FC-2AC3-4188-B36E-24E150C1DF10}.Release|Any CPU.Build.0 = Release|Any CPU
		{2A4FEC7F-1184-4F5A-8A3C-0C2330D4C716}.Debug|Any CPU.ActiveCfg = Debug|Any CPU
		{2A4FEC7F-1184-4F5A-8A3C-0C2330D4C716}.Debug|Any CPU.Build.0 = Debug|Any CPU
		{2A4FEC7F-1184-4F5A-8A3C-0C2330D4C716}.Release|Any CPU.ActiveCfg = Release|Any CPU
		{2A4FEC7F-1184-4F5A-8A3C-0C2330D4C716}.Release|Any CPU.Build.0 = Release|Any CPU
		{2C88FD31-2302-424B-BC54-E8AE53495FCE}.Debug|Any CPU.ActiveCfg = Debug|Any CPU
		{2C88FD31-2302-424B-BC54-E8AE53495FCE}.Debug|Any CPU.Build.0 = Debug|Any CPU
		{2C88FD31-2302-424B-BC54-E8AE53495FCE}.Release|Any CPU.ActiveCfg = Release|Any CPU
		{2C88FD31-2302-424B-BC54-E8AE53495FCE}.Release|Any CPU.Build.0 = Release|Any CPU
		{1667DECD-CFC6-47DF-B54F-B429F1B3BDF1}.Debug|Any CPU.ActiveCfg = Debug|Any CPU
		{1667DECD-CFC6-47DF-B54F-B429F1B3BDF1}.Debug|Any CPU.Build.0 = Debug|Any CPU
		{1667DECD-CFC6-47DF-B54F-B429F1B3BDF1}.Release|Any CPU.ActiveCfg = Release|Any CPU
		{1667DECD-CFC6-47DF-B54F-B429F1B3BDF1}.Release|Any CPU.Build.0 = Release|Any CPU
	EndGlobalSection
	GlobalSection(SolutionProperties) = preSolution
		HideSolutionNode = FALSE
	EndGlobalSection
	GlobalSection(NestedProjects) = preSolution
		{A00342EB-84CD-4E2E-9980-0E908A373885} = {A773FC13-D859-460B-A4AA-6DC3E65CDDD8}
		{B38554B2-08D4-4D8B-BF47-AFE08AF55103} = {9B34E5F1-BA17-4CB3-AE69-1FB4DAE3AA6C}
		{3B19EF52-1B45-4263-B751-8111EA76FEBB} = {37F6652E-85B7-4D70-B3A8-302EEDC79954}
		{2AA9E4CA-DBF3-43B9-85B7-45AE5AE664E8} = {37F6652E-85B7-4D70-B3A8-302EEDC79954}
		{8D270DC7-12B2-4BC2-A4E1-4462F9827E2E} = {37F6652E-85B7-4D70-B3A8-302EEDC79954}
		{772D63CE-8A65-4F20-9F2A-0215708AFEB9} = {8C7C9F02-8915-4248-8102-925B006B637E}
		{05522209-6D1C-473A-BC44-5342DEF50045} = {8C7C9F02-8915-4248-8102-925B006B637E}
		{5BCEB191-E225-4181-B8BE-5240D7135FE3} = {8C7C9F02-8915-4248-8102-925B006B637E}
		{00CC9F96-698B-4FA2-827E-7CD63121BC9A} = {6005832D-D50F-4FCE-B58D-15DF543F0942}
		{055F983B-5883-4042-8ADE-93158990B9E6} = {6005832D-D50F-4FCE-B58D-15DF543F0942}
		{617315E7-C879-4123-AA56-EAE59CC3D1A7} = {6005832D-D50F-4FCE-B58D-15DF543F0942}
		{4F7BCBEF-9123-4196-A0E2-BED39987DD9C} = {0B89197D-F1D0-4FAA-9A63-280AE853861F}
		{BD4C6B0F-6B1C-44C9-A312-B5376C28A949} = {0B89197D-F1D0-4FAA-9A63-280AE853861F}
		{E41C8D90-E8CE-4D59-83AC-6C20B666D382} = {0B89197D-F1D0-4FAA-9A63-280AE853861F}
		{8E0AE8B2-98CA-4F59-B313-F1F2271D9920} = {31D7178D-BE1A-4F85-8E67-BB66C572C3AA}
		{32D48807-A9B9-4B25-9E96-FB65546F666D} = {31D7178D-BE1A-4F85-8E67-BB66C572C3AA}
		{043B06FC-2AC3-4188-B36E-24E150C1DF10} = {31D7178D-BE1A-4F85-8E67-BB66C572C3AA}
		{2A4FEC7F-1184-4F5A-8A3C-0C2330D4C716} = {958B88E9-87FE-4927-976D-E8380C0B4BDE}
		{2C88FD31-2302-424B-BC54-E8AE53495FCE} = {958B88E9-87FE-4927-976D-E8380C0B4BDE}
		{1667DECD-CFC6-47DF-B54F-B429F1B3BDF1} = {958B88E9-87FE-4927-976D-E8380C0B4BDE}
	EndGlobalSection
EndGlobal
